Microsoft Visual Studio Solution File, Format Version 12.00
# Visual Studio Version 17
VisualStudioVersion = 17.9.34714.143
MinimumVisualStudioVersion = 10.0.40219.1
Project("{9A19103F-16F7-4668-BE54-9A1E7A4F7556}") = "Jankilla.Core", "Jankilla.Core\Jankilla.Core.csproj", "{25992354-99A9-4E9E-96A3-2572770DD01B}"
EndProject
Project("{9A19103F-16F7-4668-BE54-9A1E7A4F7556}") = "Jankilla.Driver.Mitsubishi.MxComponent", "Jankilla.Driver.Mitsubishi.MxComponent\Jankilla.Driver.Mitsubishi.MxComponent.csproj", "{A92DB163-F0C6-4CD3-8BE4-8CCCFD843265}"
EndProject
Project("{9A19103F-16F7-4668-BE54-9A1E7A4F7556}") = "Jankilla.Driver.Mitsubishi.McProtocol", "Jankilla.Driver.Mitsubishi.McProtocol\Jankilla.Driver.Mitsubishi.McProtocol.csproj", "{D2746111-A152-40B2-A49E-777483EAC0E6}"
EndProject
Project("{9A19103F-16F7-4668-BE54-9A1E7A4F7556}") = "Jankilla.Test", "Jankilla.Test\Jankilla.Test.csproj", "{2A00F802-0E87-43B4-BD03-CE9B3D624DF7}"
EndProject
Project("{2150E333-8FDC-42A3-9474-1A3956D46DE8}") = "Drivers", "Drivers", "{8C916280-8FAA-4D4F-AD0D-3343898EB438}"
EndProject
Project("{2150E333-8FDC-42A3-9474-1A3956D46DE8}") = "Core", "Core", "{BBA11C8A-FB70-4B05-9629-35162C999E5A}"
EndProject
Project("{9A19103F-16F7-4668-BE54-9A1E7A4F7556}") = "Jankilla.Core.DB.SqlServer", "Jankilla.Core.DB.SqlServer\Jankilla.Core.DB.SqlServer.csproj", "{EE730FAC-219D-4040-894A-2C39357C832B}"
EndProject
Project("{9A19103F-16F7-4668-BE54-9A1E7A4F7556}") = "Jankilla.Core.UI.WinForms", "Jankilla.Core.UI.Winforms\Jankilla.Core.UI.WinForms.csproj", "{41F1FE4A-5177-4821-BBAD-CAF2F69E1AD9}"
EndProject
Project("{2150E333-8FDC-42A3-9474-1A3956D46DE8}") = "Samples", "Samples", "{F866F993-DBC8-4A89-8251-0A8835B883A1}"
EndProject
Project("{9A19103F-16F7-4668-BE54-9A1E7A4F7556}") = "Jankilla.TagBuilder", "Jankilla.TagBuilder\Jankilla.TagBuilder.csproj", "{74F8BD75-3475-4256-8983-3982440D2938}"
EndProject
Project("{2150E333-8FDC-42A3-9474-1A3956D46DE8}") = "Tests", "Tests", "{65C5BD6F-4865-4394-ADAA-F27E1BDDB25D}"
EndProject
Project("{FAE04EC0-301F-11D3-BF4B-00C04F79EFBC}") = "Jankilla.Driver.Omron.FINS", "Jankilla.Driver.Omron.FINS\Jankilla.Driver.Omron.FINS.csproj", "{08DE62E1-D039-4F1E-BD14-6057B7237A72}"
EndProject
Project("{FAE04EC0-301F-11D3-BF4B-00C04F79EFBC}") = "Jankilla.Driver.Siemens.S7Protocol", "Jankilla.Driver.Siemens.S7Protocol\Jankilla.Driver.Siemens.S7Protocol.csproj", "{B6D2049F-901F-4985-9FD9-4DD68004D421}"
EndProject
Project("{FAE04EC0-301F-11D3-BF4B-00C04F79EFBC}") = "Jankilla.Driver.Siemens.OPCUA", "Jankilla.Driver.Siemens.OPCUA\Jankilla.Driver.Siemens.OPCUA.csproj", "{69CC7BE7-64C9-4DCF-9221-0420E972D973}"
EndProject
Project("{FAE04EC0-301F-11D3-BF4B-00C04F79EFBC}") = "Jankilla.Driver.Omron.CxCompolet", "Jankilla.Driver.Omron.CxCompolet\Jankilla.Driver.Omron.CxCompolet.csproj", "{38136976-1D0D-41A9-B4D2-BE5C80FBF6A2}"
EndProject
Project("{FAE04EC0-301F-11D3-BF4B-00C04F79EFBC}") = "Jankilla.Driver.SchneiderElectric.Modbus", "Jankilla.Driver.SchneiderElectric.Modbus\Jankilla.Driver.SchneiderElectric.Modbus.csproj", "{1C6CDE47-7530-4F95-ADBD-3B59F1EBF451}"
EndProject
Project("{FAE04EC0-301F-11D3-BF4B-00C04F79EFBC}") = "Jankilla.Driver.SchneiderElectric.OPCUA", "Jankilla.Driver.SchneiderElectric.OPCUA\Jankilla.Driver.SchneiderElectric.OPCUA.csproj", "{F3691812-490E-4E46-8C35-61F653B61DA8}"
EndProject
Project("{FAE04EC0-301F-11D3-BF4B-00C04F79EFBC}") = "Jankilla.Driver.Beckhoff.TwinCAT", "Jankilla.Driver.Beckhoff.TwinCAT\Jankilla.Driver.Beckhoff.TwinCAT.csproj", "{308890DD-15EA-45E5-A665-A5BF1AC588D4}"
EndProject
Project("{FAE04EC0-301F-11D3-BF4B-00C04F79EFBC}") = "Jankilla.Driver.ABB.Modbus", "Jankilla.Driver.ABB.Modbus\Jankilla.Driver.ABB.Modbus.csproj", "{C35C95FC-EDC3-4CDA-925B-88B392AF9209}"
EndProject
Project("{FAE04EC0-301F-11D3-BF4B-00C04F79EFBC}") = "Jankilla.Driver.BerneckerRainer.OPCUA", "Jankilla.Driver.BerneckerRainer.OPCUA\Jankilla.Driver.BerneckerRainer.OPCUA.csproj", "{82DE72ED-A1F1-4667-8297-0E263858A49E}"
EndProject
Project("{FAE04EC0-301F-11D3-BF4B-00C04F79EFBC}") = "Jankilla.Driver.DeltaElectronics.Modbus", "Jankilla.Driver.DeltaElectronics.Modbus\Jankilla.Driver.DeltaElectronics.Modbus.csproj", "{1830193D-F990-4455-96F5-81E320525895}"
EndProject
Project("{FAE04EC0-301F-11D3-BF4B-00C04F79EFBC}") = "Jankilla.Driver.LSElectric.FEnet", "Jankilla.Driver.LSElectric.FEnet\Jankilla.Driver.LSElectric.FEnet.csproj", "{699C4948-8117-4403-B147-EDDECD23E495}"
EndProject
Project("{FAE04EC0-301F-11D3-BF4B-00C04F79EFBC}") = "Jankilla.Driver.LSElectric.Cnet", "Jankilla.Driver.LSElectric.Cnet\Jankilla.Driver.LSElectric.Cnet.csproj", "{F89EF782-85D9-4E65-BEC1-F95C5F18ED39}"
EndProject
Project("{FAE04EC0-301F-11D3-BF4B-00C04F79EFBC}") = "Jankilla.Driver.LSElectric.Modbus", "Jankilla.Driver.LSElectric.Modbus\Jankilla.Driver.LSElectric.Modbus.csproj", "{BD4482BA-C296-4046-91A7-284A9068F67E}"
EndProject
Project("{FAE04EC0-301F-11D3-BF4B-00C04F79EFBC}") = "Jankilla.Driver.RockwellAutomation.EtherNetIP", "Jankilla.Driver.RockwellAutomation.EtherNetIP\Jankilla.Driver.RockwellAutomation.EtherNetIP.csproj", "{432646B2-DFC3-4F38-8C20-902CDA952E9C}"
EndProject
Project("{FAE04EC0-301F-11D3-BF4B-00C04F79EFBC}") = "Jankilla.Sample.WinForms", "Jankilla.Sample.WinForms\Jankilla.Sample.WinForms.csproj", "{4E5100A0-880C-485D-B1F1-22CBF60DE543}"
EndProject
Global
	GlobalSection(SolutionConfigurationPlatforms) = preSolution
		Debug|Any CPU = Debug|Any CPU
		Release|Any CPU = Release|Any CPU
	EndGlobalSection
	GlobalSection(ProjectConfigurationPlatforms) = postSolution
		{25992354-99A9-4E9E-96A3-2572770DD01B}.Debug|Any CPU.ActiveCfg = Debug|Any CPU
		{25992354-99A9-4E9E-96A3-2572770DD01B}.Debug|Any CPU.Build.0 = Debug|Any CPU
		{25992354-99A9-4E9E-96A3-2572770DD01B}.Release|Any CPU.ActiveCfg = Release|Any CPU
		{25992354-99A9-4E9E-96A3-2572770DD01B}.Release|Any CPU.Build.0 = Release|Any CPU
		{A92DB163-F0C6-4CD3-8BE4-8CCCFD843265}.Debug|Any CPU.ActiveCfg = Debug|Any CPU
		{A92DB163-F0C6-4CD3-8BE4-8CCCFD843265}.Debug|Any CPU.Build.0 = Debug|Any CPU
		{A92DB163-F0C6-4CD3-8BE4-8CCCFD843265}.Release|Any CPU.ActiveCfg = Release|Any CPU
		{A92DB163-F0C6-4CD3-8BE4-8CCCFD843265}.Release|Any CPU.Build.0 = Release|Any CPU
		{D2746111-A152-40B2-A49E-777483EAC0E6}.Debug|Any CPU.ActiveCfg = Debug|Any CPU
		{D2746111-A152-40B2-A49E-777483EAC0E6}.Debug|Any CPU.Build.0 = Debug|Any CPU
		{D2746111-A152-40B2-A49E-777483EAC0E6}.Release|Any CPU.ActiveCfg = Release|Any CPU
		{D2746111-A152-40B2-A49E-777483EAC0E6}.Release|Any CPU.Build.0 = Release|Any CPU
		{2A00F802-0E87-43B4-BD03-CE9B3D624DF7}.Debug|Any CPU.ActiveCfg = Debug|Any CPU
		{2A00F802-0E87-43B4-BD03-CE9B3D624DF7}.Debug|Any CPU.Build.0 = Debug|Any CPU
		{2A00F802-0E87-43B4-BD03-CE9B3D624DF7}.Release|Any CPU.ActiveCfg = Release|Any CPU
		{2A00F802-0E87-43B4-BD03-CE9B3D624DF7}.Release|Any CPU.Build.0 = Release|Any CPU
		{EE730FAC-219D-4040-894A-2C39357C832B}.Debug|Any CPU.ActiveCfg = Debug|Any CPU
		{EE730FAC-219D-4040-894A-2C39357C832B}.Debug|Any CPU.Build.0 = Debug|Any CPU
		{EE730FAC-219D-4040-894A-2C39357C832B}.Release|Any CPU.ActiveCfg = Release|Any CPU
		{EE730FAC-219D-4040-894A-2C39357C832B}.Release|Any CPU.Build.0 = Release|Any CPU
		{41F1FE4A-5177-4821-BBAD-CAF2F69E1AD9}.Debug|Any CPU.ActiveCfg = Debug|Any CPU
		{41F1FE4A-5177-4821-BBAD-CAF2F69E1AD9}.Debug|Any CPU.Build.0 = Debug|Any CPU
		{41F1FE4A-5177-4821-BBAD-CAF2F69E1AD9}.Release|Any CPU.ActiveCfg = Release|Any CPU
		{41F1FE4A-5177-4821-BBAD-CAF2F69E1AD9}.Release|Any CPU.Build.0 = Release|Any CPU
		{74F8BD75-3475-4256-8983-3982440D2938}.Debug|Any CPU.ActiveCfg = Debug|Any CPU
		{74F8BD75-3475-4256-8983-3982440D2938}.Debug|Any CPU.Build.0 = Debug|Any CPU
		{74F8BD75-3475-4256-8983-3982440D2938}.Release|Any CPU.ActiveCfg = Release|Any CPU
		{74F8BD75-3475-4256-8983-3982440D2938}.Release|Any CPU.Build.0 = Release|Any CPU
		{08DE62E1-D039-4F1E-BD14-6057B7237A72}.Debug|Any CPU.ActiveCfg = Debug|Any CPU
		{08DE62E1-D039-4F1E-BD14-6057B7237A72}.Debug|Any CPU.Build.0 = Debug|Any CPU
		{08DE62E1-D039-4F1E-BD14-6057B7237A72}.Release|Any CPU.ActiveCfg = Release|Any CPU
		{08DE62E1-D039-4F1E-BD14-6057B7237A72}.Release|Any CPU.Build.0 = Release|Any CPU
		{B6D2049F-901F-4985-9FD9-4DD68004D421}.Debug|Any CPU.ActiveCfg = Debug|Any CPU
		{B6D2049F-901F-4985-9FD9-4DD68004D421}.Debug|Any CPU.Build.0 = Debug|Any CPU
		{B6D2049F-901F-4985-9FD9-4DD68004D421}.Release|Any CPU.ActiveCfg = Release|Any CPU
		{B6D2049F-901F-4985-9FD9-4DD68004D421}.Release|Any CPU.Build.0 = Release|Any CPU
		{69CC7BE7-64C9-4DCF-9221-0420E972D973}.Debug|Any CPU.ActiveCfg = Debug|Any CPU
		{69CC7BE7-64C9-4DCF-9221-0420E972D973}.Debug|Any CPU.Build.0 = Debug|Any CPU
		{69CC7BE7-64C9-4DCF-9221-0420E972D973}.Release|Any CPU.ActiveCfg = Release|Any CPU
		{69CC7BE7-64C9-4DCF-9221-0420E972D973}.Release|Any CPU.Build.0 = Release|Any CPU
		{38136976-1D0D-41A9-B4D2-BE5C80FBF6A2}.Debug|Any CPU.ActiveCfg = Debug|Any CPU
		{38136976-1D0D-41A9-B4D2-BE5C80FBF6A2}.Debug|Any CPU.Build.0 = Debug|Any CPU
		{38136976-1D0D-41A9-B4D2-BE5C80FBF6A2}.Release|Any CPU.ActiveCfg = Release|Any CPU
		{38136976-1D0D-41A9-B4D2-BE5C80FBF6A2}.Release|Any CPU.Build.0 = Release|Any CPU
		{1C6CDE47-7530-4F95-ADBD-3B59F1EBF451}.Debug|Any CPU.ActiveCfg = Debug|Any CPU
		{1C6CDE47-7530-4F95-ADBD-3B59F1EBF451}.Debug|Any CPU.Build.0 = Debug|Any CPU
		{1C6CDE47-7530-4F95-ADBD-3B59F1EBF451}.Release|Any CPU.ActiveCfg = Release|Any CPU
		{1C6CDE47-7530-4F95-ADBD-3B59F1EBF451}.Release|Any CPU.Build.0 = Release|Any CPU
		{F3691812-490E-4E46-8C35-61F653B61DA8}.Debug|Any CPU.ActiveCfg = Debug|Any CPU
		{F3691812-490E-4E46-8C35-61F653B61DA8}.Debug|Any CPU.Build.0 = Debug|Any CPU
		{F3691812-490E-4E46-8C35-61F653B61DA8}.Release|Any CPU.ActiveCfg = Release|Any CPU
		{F3691812-490E-4E46-8C35-61F653B61DA8}.Release|Any CPU.Build.0 = Release|Any CPU
		{308890DD-15EA-45E5-A665-A5BF1AC588D4}.Debug|Any CPU.ActiveCfg = Debug|Any CPU
		{308890DD-15EA-45E5-A665-A5BF1AC588D4}.Debug|Any CPU.Build.0 = Debug|Any CPU
		{308890DD-15EA-45E5-A665-A5BF1AC588D4}.Release|Any CPU.ActiveCfg = Release|Any CPU
		{308890DD-15EA-45E5-A665-A5BF1AC588D4}.Release|Any CPU.Build.0 = Release|Any CPU
		{C35C95FC-EDC3-4CDA-925B-88B392AF9209}.Debug|Any CPU.ActiveCfg = Debug|Any CPU
		{C35C95FC-EDC3-4CDA-925B-88B392AF9209}.Debug|Any CPU.Build.0 = Debug|Any CPU
		{C35C95FC-EDC3-4CDA-925B-88B392AF9209}.Release|Any CPU.ActiveCfg = Release|Any CPU
		{C35C95FC-EDC3-4CDA-925B-88B392AF9209}.Release|Any CPU.Build.0 = Release|Any CPU
		{82DE72ED-A1F1-4667-8297-0E263858A49E}.Debug|Any CPU.ActiveCfg = Debug|Any CPU
		{82DE72ED-A1F1-4667-8297-0E263858A49E}.Debug|Any CPU.Build.0 = Debug|Any CPU
		{82DE72ED-A1F1-4667-8297-0E263858A49E}.Release|Any CPU.ActiveCfg = Release|Any CPU
		{82DE72ED-A1F1-4667-8297-0E263858A49E}.Release|Any CPU.Build.0 = Release|Any CPU
		{1830193D-F990-4455-96F5-81E320525895}.Debug|Any CPU.ActiveCfg = Debug|Any CPU
		{1830193D-F990-4455-96F5-81E320525895}.Debug|Any CPU.Build.0 = Debug|Any CPU
		{1830193D-F990-4455-96F5-81E320525895}.Release|Any CPU.ActiveCfg = Release|Any CPU
		{1830193D-F990-4455-96F5-81E320525895}.Release|Any CPU.Build.0 = Release|Any CPU
		{699C4948-8117-4403-B147-EDDECD23E495}.Debug|Any CPU.ActiveCfg = Debug|Any CPU
		{699C4948-8117-4403-B147-EDDECD23E495}.Debug|Any CPU.Build.0 = Debug|Any CPU
		{699C4948-8117-4403-B147-EDDECD23E495}.Release|Any CPU.ActiveCfg = Release|Any CPU
		{699C4948-8117-4403-B147-EDDECD23E495}.Release|Any CPU.Build.0 = Release|Any CPU
		{F89EF782-85D9-4E65-BEC1-F95C5F18ED39}.Debug|Any CPU.ActiveCfg = Debug|Any CPU
		{F89EF782-85D9-4E65-BEC1-F95C5F18ED39}.Debug|Any CPU.Build.0 = Debug|Any CPU
		{F89EF782-85D9-4E65-BEC1-F95C5F18ED39}.Release|Any CPU.ActiveCfg = Release|Any CPU
		{F89EF782-85D9-4E65-BEC1-F95C5F18ED39}.Release|Any CPU.Build.0 = Release|Any CPU
		{BD4482BA-C296-4046-91A7-284A9068F67E}.Debug|Any CPU.ActiveCfg = Debug|Any CPU
		{BD4482BA-C296-4046-91A7-284A9068F67E}.Debug|Any CPU.Build.0 = Debug|Any CPU
		{BD4482BA-C296-4046-91A7-284A9068F67E}.Release|Any CPU.ActiveCfg = Release|Any CPU
		{BD4482BA-C296-4046-91A7-284A9068F67E}.Release|Any CPU.Build.0 = Release|Any CPU
		{432646B2-DFC3-4F38-8C20-902CDA952E9C}.Debug|Any CPU.ActiveCfg = Debug|Any CPU
		{432646B2-DFC3-4F38-8C20-902CDA952E9C}.Debug|Any CPU.Build.0 = Debug|Any CPU
		{432646B2-DFC3-4F38-8C20-902CDA952E9C}.Release|Any CPU.ActiveCfg = Release|Any CPU
		{432646B2-DFC3-4F38-8C20-902CDA952E9C}.Release|Any CPU.Build.0 = Release|Any CPU
		{4E5100A0-880C-485D-B1F1-22CBF60DE543}.Debug|Any CPU.ActiveCfg = Debug|Any CPU
		{4E5100A0-880C-485D-B1F1-22CBF60DE543}.Debug|Any CPU.Build.0 = Debug|Any CPU
		{4E5100A0-880C-485D-B1F1-22CBF60DE543}.Release|Any CPU.ActiveCfg = Release|Any CPU
		{4E5100A0-880C-485D-B1F1-22CBF60DE543}.Release|Any CPU.Build.0 = Release|Any CPU
	EndGlobalSection
	GlobalSection(SolutionProperties) = preSolution
		HideSolutionNode = FALSE
	EndGlobalSection
	GlobalSection(NestedProjects) = preSolution
		{25992354-99A9-4E9E-96A3-2572770DD01B} = {BBA11C8A-FB70-4B05-9629-35162C999E5A}
		{A92DB163-F0C6-4CD3-8BE4-8CCCFD843265} = {8C916280-8FAA-4D4F-AD0D-3343898EB438}
		{D2746111-A152-40B2-A49E-777483EAC0E6} = {8C916280-8FAA-4D4F-AD0D-3343898EB438}
		{2A00F802-0E87-43B4-BD03-CE9B3D624DF7} = {65C5BD6F-4865-4394-ADAA-F27E1BDDB25D}
		{EE730FAC-219D-4040-894A-2C39357C832B} = {BBA11C8A-FB70-4B05-9629-35162C999E5A}
		{41F1FE4A-5177-4821-BBAD-CAF2F69E1AD9} = {BBA11C8A-FB70-4B05-9629-35162C999E5A}
		{74F8BD75-3475-4256-8983-3982440D2938} = {F866F993-DBC8-4A89-8251-0A8835B883A1}
		{08DE62E1-D039-4F1E-BD14-6057B7237A72} = {8C916280-8FAA-4D4F-AD0D-3343898EB438}
		{B6D2049F-901F-4985-9FD9-4DD68004D421} = {8C916280-8FAA-4D4F-AD0D-3343898EB438}
		{69CC7BE7-64C9-4DCF-9221-0420E972D973} = {8C916280-8FAA-4D4F-AD0D-3343898EB438}
		{38136976-1D0D-41A9-B4D2-BE5C80FBF6A2} = {8C916280-8FAA-4D4F-AD0D-3343898EB438}
		{1C6CDE47-7530-4F95-ADBD-3B59F1EBF451} = {8C916280-8FAA-4D4F-AD0D-3343898EB438}
		{F3691812-490E-4E46-8C35-61F653B61DA8} = {8C916280-8FAA-4D4F-AD0D-3343898EB438}
		{308890DD-15EA-45E5-A665-A5BF1AC588D4} = {8C916280-8FAA-4D4F-AD0D-3343898EB438}
		{C35C95FC-EDC3-4CDA-925B-88B392AF9209} = {8C916280-8FAA-4D4F-AD0D-3343898EB438}
		{82DE72ED-A1F1-4667-8297-0E263858A49E} = {8C916280-8FAA-4D4F-AD0D-3343898EB438}
		{1830193D-F990-4455-96F5-81E320525895} = {8C916280-8FAA-4D4F-AD0D-3343898EB438}
		{699C4948-8117-4403-B147-EDDECD23E495} = {8C916280-8FAA-4D4F-AD0D-3343898EB438}
		{F89EF782-85D9-4E65-BEC1-F95C5F18ED39} = {8C916280-8FAA-4D4F-AD0D-3343898EB438}
		{BD4482BA-C296-4046-91A7-284A9068F67E} = {8C916280-8FAA-4D4F-AD0D-3343898EB438}
		{432646B2-DFC3-4F38-8C20-902CDA952E9C} = {8C916280-8FAA-4D4F-AD0D-3343898EB438}
		{4E5100A0-880C-485D-B1F1-22CBF60DE543} = {F866F993-DBC8-4A89-8251-0A8835B883A1}
	EndGlobalSection
	GlobalSection(ExtensibilityGlobals) = postSolution
		SolutionGuid = {BEB5D2B9-BE45-406C-B3FF-6B046312A121}
	EndGlobalSection
EndGlobal
