
Microsoft Visual Studio Solution File, Format Version 12.00
# Visual Studio Version 16
VisualStudioVersion = 16.0.33214.272
MinimumVisualStudioVersion = 10.0.40219.1
Project("{9A19103F-16F7-4668-BE54-9A1E7A4F7556}") = "Jankilla.TagBuilder", "Jankilla.TagBuilder\Jankilla.TagBuilder.csproj", "{B03E4182-F795-4DBE-929C-0A8DD698E3FC}"
EndProject
Project("{9A19103F-16F7-4668-BE54-9A1E7A4F7556}") = "Jankilla.Core.UI", "Jankilla.Core.UI\Jankilla.Core.UI.csproj", "{5DD1C483-2A01-45CE-A11F-93CAC0D1D967}"
EndProject
Global
	GlobalSection(SolutionConfigurationPlatforms) = preSolution
		Debug|Any CPU = Debug|Any CPU
		Release|Any CPU = Release|Any CPU
	EndGlobalSection
	GlobalSection(ProjectConfigurationPlatforms) = postSolution
		{B03E4182-F795-4DBE-929C-0A8DD698E3FC}.Debug|Any CPU.ActiveCfg = Debug|Any CPU
		{B03E4182-F795-4DBE-929C-0A8DD698E3FC}.Debug|Any CPU.Build.0 = Debug|Any CPU
		{B03E4182-F795-4DBE-929C-0A8DD698E3FC}.Release|Any CPU.ActiveCfg = Release|Any CPU
		{B03E4182-F795-4DBE-929C-0A8DD698E3FC}.Release|Any CPU.Build.0 = Release|Any CPU
		{5DD1C483-2A01-45CE-A11F-93CAC0D1D967}.Debug|Any CPU.ActiveCfg = Debug|Any CPU
		{5DD1C483-2A01-45CE-A11F-93CAC0D1D967}.Debug|Any CPU.Build.0 = Debug|Any CPU
		{5DD1C483-2A01-45CE-A11F-93CAC0D1D967}.Release|Any CPU.ActiveCfg = Release|Any CPU
		{5DD1C483-2A01-45CE-A11F-93CAC0D1D967}.Release|Any CPU.Build.0 = Release|Any CPU
	EndGlobalSection
	GlobalSection(SolutionProperties) = preSolution
		HideSolutionNode = FALSE
	EndGlobalSection
	GlobalSection(ExtensibilityGlobals) = postSolution
		SolutionGuid = {EC828F2F-8ACD-4D29-A67F-1C9E0DE66B78}
	EndGlobalSection
EndGlobal
